
Microsoft Visual Studio Solution File, Format Version 12.00
# Visual Studio 15
VisualStudioVersion = 15.0.28307.421
MinimumVisualStudioVersion = 10.0.40219.1
Project("{FAE04EC0-301F-11D3-BF4B-00C04F79EFBC}") = "Assign05", "Assign05\Assign05.csproj", "{3BDF2049-2C80-46FB-B8FB-337FD99CF16E}"
EndProject
Global
	GlobalSection(SolutionConfigurationPlatforms) = preSolution
		Debug|Any CPU = Debug|Any CPU
		Release|Any CPU = Release|Any CPU
	EndGlobalSection
	GlobalSection(ProjectConfigurationPlatforms) = postSolution
		{3BDF2049-2C80-46FB-B8FB-337FD99CF16E}.Debug|Any CPU.ActiveCfg = Debug|Any CPU
		{3BDF2049-2C80-46FB-B8FB-337FD99CF16E}.Debug|Any CPU.Build.0 = Debug|Any CPU
		{3BDF2049-2C80-46FB-B8FB-337FD99CF16E}.Release|Any CPU.ActiveCfg = Release|Any CPU
		{3BDF2049-2C80-46FB-B8FB-337FD99CF16E}.Release|Any CPU.Build.0 = Release|Any CPU
	EndGlobalSection
	GlobalSection(SolutionProperties) = preSolution
		HideSolutionNode = FALSE
	EndGlobalSection
	GlobalSection(ExtensibilityGlobals) = postSolution
		SolutionGuid = {DB5B9AE0-68E4-40C0-9436-1D3E402B20F0}
	EndGlobalSection
EndGlobal
